// !$*UTF8*$!
{
	archiveVersion = 1;
	classes = {
	};
	objectVersion = 56;
	objects = {

/* Begin PBXBuildFile section */
		8A08DF28290DAAB5004334D2 /* Landmarks_SwiftUIApp.swift in Sources */ = {isa = PBXBuildFile; fileRef = 8A08DF27290DAAB5004334D2 /* Landmarks_SwiftUIApp.swift */; };
		8A08DF2A290DAAB5004334D2 /* ContentView.swift in Sources */ = {isa = PBXBuildFile; fileRef = 8A08DF29290DAAB5004334D2 /* ContentView.swift */; };
		8A08DF2C290DAAB6004334D2 /* Assets.xcassets in Resources */ = {isa = PBXBuildFile; fileRef = 8A08DF2B290DAAB6004334D2 /* Assets.xcassets */; };
		8A08DF2F290DAAB6004334D2 /* Preview Assets.xcassets in Resources */ = {isa = PBXBuildFile; fileRef = 8A08DF2E290DAAB6004334D2 /* Preview Assets.xcassets */; };
		8A08DF36290DB599004334D2 /* CircleImage.swift in Sources */ = {isa = PBXBuildFile; fileRef = 8A08DF35290DB599004334D2 /* CircleImage.swift */; };
		8A08DF38290DB686004334D2 /* MapView.swift in Sources */ = {isa = PBXBuildFile; fileRef = 8A08DF37290DB686004334D2 /* MapView.swift */; };
		8A08DF3C290DBAE3004334D2 /* Landmark.swift in Sources */ = {isa = PBXBuildFile; fileRef = 8A08DF3B290DBAE3004334D2 /* Landmark.swift */; };
		8A08DF3E290DBD16004334D2 /* ModelData.swift in Sources */ = {isa = PBXBuildFile; fileRef = 8A08DF3D290DBD16004334D2 /* ModelData.swift */; };
		8A08DF43290DC8EF004334D2 /* LandmarkRow.swift in Sources */ = {isa = PBXBuildFile; fileRef = 8A08DF42290DC8EF004334D2 /* LandmarkRow.swift */; };
		8A08DF72290DD767004334D2 /* landmarkData.json in Resources */ = {isa = PBXBuildFile; fileRef = 8A08DF71290DD767004334D2 /* landmarkData.json */; };
		8A08DF74290DD90A004334D2 /* LandmarkList.swift in Sources */ = {isa = PBXBuildFile; fileRef = 8A08DF73290DD90A004334D2 /* LandmarkList.swift */; };
		8A08DF76290DDEAD004334D2 /* LandmarkDetail.swift in Sources */ = {isa = PBXBuildFile; fileRef = 8A08DF75290DDEAD004334D2 /* LandmarkDetail.swift */; };
		8A08DF78290DEE3F004334D2 /* FavoriteButton.swift in Sources */ = {isa = PBXBuildFile; fileRef = 8A08DF77290DEE3F004334D2 /* FavoriteButton.swift */; };
		8A08DF7C290DF540004334D2 /* HexagonParameters.swift in Sources */ = {isa = PBXBuildFile; fileRef = 8A08DF7B290DF540004334D2 /* HexagonParameters.swift */; };
		8A08DF7E290E0DF5004334D2 /* BadgeBackground.swift in Sources */ = {isa = PBXBuildFile; fileRef = 8A08DF7D290E0DF5004334D2 /* BadgeBackground.swift */; };
		8A08DF80290E1305004334D2 /* BadgeSymbol.swift in Sources */ = {isa = PBXBuildFile; fileRef = 8A08DF7F290E1305004334D2 /* BadgeSymbol.swift */; };
		8A08DF82290E13EE004334D2 /* RotatedBadgeSymbol.swift in Sources */ = {isa = PBXBuildFile; fileRef = 8A08DF81290E13EE004334D2 /* RotatedBadgeSymbol.swift */; };
		8A08DF84290E1520004334D2 /* Badge.swift in Sources */ = {isa = PBXBuildFile; fileRef = 8A08DF83290E1520004334D2 /* Badge.swift */; };
		8A08DF89290E182E004334D2 /* Hike.swift in Sources */ = {isa = PBXBuildFile; fileRef = 8A08DF88290E182E004334D2 /* Hike.swift */; };
		8A08DF8F290E1A3D004334D2 /* GraphCapsule.swift in Sources */ = {isa = PBXBuildFile; fileRef = 8A08DF8B290E1A3D004334D2 /* GraphCapsule.swift */; };
		8A08DF90290E1A3D004334D2 /* HikeGraph.swift in Sources */ = {isa = PBXBuildFile; fileRef = 8A08DF8C290E1A3D004334D2 /* HikeGraph.swift */; };
		8A08DF91290E1A3D004334D2 /* HikeDetail.swift in Sources */ = {isa = PBXBuildFile; fileRef = 8A08DF8D290E1A3D004334D2 /* HikeDetail.swift */; };
		8A08DF92290E1A3D004334D2 /* HikeView.swift in Sources */ = {isa = PBXBuildFile; fileRef = 8A08DF8E290E1A3D004334D2 /* HikeView.swift */; };
		8A1960E72954C50200C7DCCF /* WatchLandmarksApp.swift in Sources */ = {isa = PBXBuildFile; fileRef = 8A1960E62954C50200C7DCCF /* WatchLandmarksApp.swift */; };
		8A1960E92954C50200C7DCCF /* ContentView.swift in Sources */ = {isa = PBXBuildFile; fileRef = 8A1960E82954C50200C7DCCF /* ContentView.swift */; };
		8A1960EB2954C50300C7DCCF /* Assets.xcassets in Resources */ = {isa = PBXBuildFile; fileRef = 8A1960EA2954C50300C7DCCF /* Assets.xcassets */; };
		8A1960EE2954C50300C7DCCF /* Preview Assets.xcassets in Resources */ = {isa = PBXBuildFile; fileRef = 8A1960ED2954C50300C7DCCF /* Preview Assets.xcassets */; };
		8A1960F42954C50300C7DCCF /* WatchLandmarks Watch App.app in Embed Watch Content */ = {isa = PBXBuildFile; fileRef = 8A1960F32954C50300C7DCCF /* WatchLandmarks Watch App.app */; settings = {ATTRIBUTES = (RemoveHeadersOnCopy, ); }; };
		8A1960FB2954C50300C7DCCF /* ContentView.swift in Sources */ = {isa = PBXBuildFile; fileRef = 8A1960FA2954C50300C7DCCF /* ContentView.swift */; };
		8A1960FD2954C50400C7DCCF /* Assets.xcassets in Resources */ = {isa = PBXBuildFile; fileRef = 8A1960FC2954C50400C7DCCF /* Assets.xcassets */; };
		8A1961002954C50400C7DCCF /* Preview Assets.xcassets in Resources */ = {isa = PBXBuildFile; fileRef = 8A1960FF2954C50400C7DCCF /* Preview Assets.xcassets */; };
		8A1961082954CB2B00C7DCCF /* Assets.xcassets in Resources */ = {isa = PBXBuildFile; fileRef = 8A08DF2B290DAAB6004334D2 /* Assets.xcassets */; };
		8A1961092954CB2B00C7DCCF /* MapView.swift in Sources */ = {isa = PBXBuildFile; fileRef = 8A08DF37290DB686004334D2 /* MapView.swift */; };
		8A19610A2954CB2B00C7DCCF /* Landmark.swift in Sources */ = {isa = PBXBuildFile; fileRef = 8A08DF3B290DBAE3004334D2 /* Landmark.swift */; };
		8A19610B2954CB2B00C7DCCF /* Landmarks_SwiftUIApp.swift in Sources */ = {isa = PBXBuildFile; fileRef = 8A08DF27290DAAB5004334D2 /* Landmarks_SwiftUIApp.swift */; };
		8A19610C2954CB2B00C7DCCF /* hikeData.json in Resources */ = {isa = PBXBuildFile; fileRef = 8AE54C7F29124A0700D214F3 /* hikeData.json */; };
		8A19610D2954CB2B00C7DCCF /* landmarkData.json in Resources */ = {isa = PBXBuildFile; fileRef = 8A08DF71290DD767004334D2 /* landmarkData.json */; };
		8A19610E2954CB2B00C7DCCF /* Profile.swift in Sources */ = {isa = PBXBuildFile; fileRef = 8AE54C852912B20100D214F3 /* Profile.swift */; };
		8A19610F2954CB2B00C7DCCF /* Hike.swift in Sources */ = {isa = PBXBuildFile; fileRef = 8A08DF88290E182E004334D2 /* Hike.swift */; };
		8A1961102954CB2B00C7DCCF /* LandmarkList.swift in Sources */ = {isa = PBXBuildFile; fileRef = 8A08DF73290DD90A004334D2 /* LandmarkList.swift */; };
		8A1961112954CB2B00C7DCCF /* LandmarkRow.swift in Sources */ = {isa = PBXBuildFile; fileRef = 8A08DF42290DC8EF004334D2 /* LandmarkRow.swift */; };
		8A1961122954CB2B00C7DCCF /* ModelData.swift in Sources */ = {isa = PBXBuildFile; fileRef = 8A08DF3D290DBD16004334D2 /* ModelData.swift */; };
		8A1961132954CB2B00C7DCCF /* CircleImage.swift in Sources */ = {isa = PBXBuildFile; fileRef = 8A08DF35290DB599004334D2 /* CircleImage.swift */; };
		8A1961152954D0FC00C7DCCF /* LandmarkDetail.swift in Sources */ = {isa = PBXBuildFile; fileRef = 8A1961142954D0FC00C7DCCF /* LandmarkDetail.swift */; };
		8A1961172954D7B800C7DCCF /* NotificationView.swift in Sources */ = {isa = PBXBuildFile; fileRef = 8A1961162954D7B800C7DCCF /* NotificationView.swift */; };
		8A1961192954DA7800C7DCCF /* NotificationController.swift in Sources */ = {isa = PBXBuildFile; fileRef = 8A1961182954DA7800C7DCCF /* NotificationController.swift */; };
		8A19611B2954DFB400C7DCCF /* PushNotificationPayload.apns in Resources */ = {isa = PBXBuildFile; fileRef = 8A19611A2954DFB400C7DCCF /* PushNotificationPayload.apns */; };
		8A696BFF2912BAAA00C09A9E /* ProfileEditor.swift in Sources */ = {isa = PBXBuildFile; fileRef = 8A696BFE2912BAAA00C09A9E /* ProfileEditor.swift */; };
		8A696C022912C0AE00C09A9E /* PageViewController.swift in Sources */ = {isa = PBXBuildFile; fileRef = 8A696C012912C0AE00C09A9E /* PageViewController.swift */; };
		8A696C042912C2DB00C09A9E /* FeatureCard.swift in Sources */ = {isa = PBXBuildFile; fileRef = 8A696C032912C2DB00C09A9E /* FeatureCard.swift */; };
		8A696C062912C46900C09A9E /* PageView.swift in Sources */ = {isa = PBXBuildFile; fileRef = 8A696C052912C46900C09A9E /* PageView.swift */; };
		8A696C082912CA4400C09A9E /* PageControl.swift in Sources */ = {isa = PBXBuildFile; fileRef = 8A696C072912CA4400C09A9E /* PageControl.swift */; };
		8AE54C7E291248D100D214F3 /* CategoryHome.swift in Sources */ = {isa = PBXBuildFile; fileRef = 8AE54C7D291248D100D214F3 /* CategoryHome.swift */; };
		8AE54C8029124A0700D214F3 /* hikeData.json in Resources */ = {isa = PBXBuildFile; fileRef = 8AE54C7F29124A0700D214F3 /* hikeData.json */; };
		8AE54C8229124C5C00D214F3 /* CategoryRow.swift in Sources */ = {isa = PBXBuildFile; fileRef = 8AE54C8129124C5C00D214F3 /* CategoryRow.swift */; };
		8AE54C8429124E7C00D214F3 /* CategoryItem.swift in Sources */ = {isa = PBXBuildFile; fileRef = 8AE54C8329124E7C00D214F3 /* CategoryItem.swift */; };
		8AE54C862912B20100D214F3 /* Profile.swift in Sources */ = {isa = PBXBuildFile; fileRef = 8AE54C852912B20100D214F3 /* Profile.swift */; };
		8AE54C882912B31500D214F3 /* ProfileHost.swift in Sources */ = {isa = PBXBuildFile; fileRef = 8AE54C872912B31500D214F3 /* ProfileHost.swift */; };
		8AE54C8A2912B3AF00D214F3 /* ProfileSummary.swift in Sources */ = {isa = PBXBuildFile; fileRef = 8AE54C892912B3AF00D214F3 /* ProfileSummary.swift */; };
		8AE54C8C2912B53800D214F3 /* HikeBadge.swift in Sources */ = {isa = PBXBuildFile; fileRef = 8AE54C8B2912B53800D214F3 /* HikeBadge.swift */; };
/* End PBXBuildFile section */

/* Begin PBXContainerItemProxy section */
		8A1960F52954C50300C7DCCF /* PBXContainerItemProxy */ = {
			isa = PBXContainerItemProxy;
			containerPortal = 8A08DF1C290DAAB5004334D2 /* Project object */;
			proxyType = 1;
			remoteGlobalIDString = 8A1960F22954C50300C7DCCF;
			remoteInfo = "WatchLandmarks Watch App";
		};
/* End PBXContainerItemProxy section */

/* Begin PBXCopyFilesBuildPhase section */
		8A1961032954C50400C7DCCF /* Embed Watch Content */ = {
			isa = PBXCopyFilesBuildPhase;
			buildActionMask = 2147483647;
			dstPath = "$(CONTENTS_FOLDER_PATH)/Watch";
			dstSubfolderSpec = 16;
			files = (
				8A1960F42954C50300C7DCCF /* WatchLandmarks Watch App.app in Embed Watch Content */,
			);
			name = "Embed Watch Content";
			runOnlyForDeploymentPostprocessing = 0;
		};
/* End PBXCopyFilesBuildPhase section */

/* Begin PBXFileReference section */
		8A08DF24290DAAB5004334D2 /* Landmarks_SwiftUI.app */ = {isa = PBXFileReference; explicitFileType = wrapper.application; includeInIndex = 0; path = Landmarks_SwiftUI.app; sourceTree = BUILT_PRODUCTS_DIR; };
		8A08DF27290DAAB5004334D2 /* Landmarks_SwiftUIApp.swift */ = {isa = PBXFileReference; lastKnownFileType = sourcecode.swift; path = Landmarks_SwiftUIApp.swift; sourceTree = "<group>"; };
		8A08DF29290DAAB5004334D2 /* ContentView.swift */ = {isa = PBXFileReference; lastKnownFileType = sourcecode.swift; path = ContentView.swift; sourceTree = "<group>"; };
		8A08DF2B290DAAB6004334D2 /* Assets.xcassets */ = {isa = PBXFileReference; lastKnownFileType = folder.assetcatalog; path = Assets.xcassets; sourceTree = "<group>"; };
		8A08DF2E290DAAB6004334D2 /* Preview Assets.xcassets */ = {isa = PBXFileReference; lastKnownFileType = folder.assetcatalog; path = "Preview Assets.xcassets"; sourceTree = "<group>"; };
		8A08DF35290DB599004334D2 /* CircleImage.swift */ = {isa = PBXFileReference; lastKnownFileType = sourcecode.swift; path = CircleImage.swift; sourceTree = "<group>"; };
		8A08DF37290DB686004334D2 /* MapView.swift */ = {isa = PBXFileReference; lastKnownFileType = sourcecode.swift; path = MapView.swift; sourceTree = "<group>"; };
		8A08DF3B290DBAE3004334D2 /* Landmark.swift */ = {isa = PBXFileReference; lastKnownFileType = sourcecode.swift; path = Landmark.swift; sourceTree = "<group>"; };
		8A08DF3D290DBD16004334D2 /* ModelData.swift */ = {isa = PBXFileReference; lastKnownFileType = sourcecode.swift; path = ModelData.swift; sourceTree = "<group>"; };
		8A08DF42290DC8EF004334D2 /* LandmarkRow.swift */ = {isa = PBXFileReference; lastKnownFileType = sourcecode.swift; path = LandmarkRow.swift; sourceTree = "<group>"; };
		8A08DF71290DD767004334D2 /* landmarkData.json */ = {isa = PBXFileReference; fileEncoding = 4; lastKnownFileType = text.json; path = landmarkData.json; sourceTree = "<group>"; };
		8A08DF73290DD90A004334D2 /* LandmarkList.swift */ = {isa = PBXFileReference; lastKnownFileType = sourcecode.swift; path = LandmarkList.swift; sourceTree = "<group>"; };
		8A08DF75290DDEAD004334D2 /* LandmarkDetail.swift */ = {isa = PBXFileReference; lastKnownFileType = sourcecode.swift; path = LandmarkDetail.swift; sourceTree = "<group>"; };
		8A08DF77290DEE3F004334D2 /* FavoriteButton.swift */ = {isa = PBXFileReference; lastKnownFileType = sourcecode.swift; path = FavoriteButton.swift; sourceTree = "<group>"; };
		8A08DF7B290DF540004334D2 /* HexagonParameters.swift */ = {isa = PBXFileReference; lastKnownFileType = sourcecode.swift; path = HexagonParameters.swift; sourceTree = "<group>"; };
		8A08DF7D290E0DF5004334D2 /* BadgeBackground.swift */ = {isa = PBXFileReference; lastKnownFileType = sourcecode.swift; path = BadgeBackground.swift; sourceTree = "<group>"; };
		8A08DF7F290E1305004334D2 /* BadgeSymbol.swift */ = {isa = PBXFileReference; lastKnownFileType = sourcecode.swift; path = BadgeSymbol.swift; sourceTree = "<group>"; };
		8A08DF81290E13EE004334D2 /* RotatedBadgeSymbol.swift */ = {isa = PBXFileReference; lastKnownFileType = sourcecode.swift; path = RotatedBadgeSymbol.swift; sourceTree = "<group>"; };
		8A08DF83290E1520004334D2 /* Badge.swift */ = {isa = PBXFileReference; lastKnownFileType = sourcecode.swift; path = Badge.swift; sourceTree = "<group>"; };
		8A08DF88290E182E004334D2 /* Hike.swift */ = {isa = PBXFileReference; lastKnownFileType = sourcecode.swift; path = Hike.swift; sourceTree = "<group>"; };
		8A08DF8B290E1A3D004334D2 /* GraphCapsule.swift */ = {isa = PBXFileReference; fileEncoding = 4; lastKnownFileType = sourcecode.swift; path = GraphCapsule.swift; sourceTree = "<group>"; };
		8A08DF8C290E1A3D004334D2 /* HikeGraph.swift */ = {isa = PBXFileReference; fileEncoding = 4; lastKnownFileType = sourcecode.swift; path = HikeGraph.swift; sourceTree = "<group>"; };
		8A08DF8D290E1A3D004334D2 /* HikeDetail.swift */ = {isa = PBXFileReference; fileEncoding = 4; lastKnownFileType = sourcecode.swift; path = HikeDetail.swift; sourceTree = "<group>"; };
		8A08DF8E290E1A3D004334D2 /* HikeView.swift */ = {isa = PBXFileReference; fileEncoding = 4; lastKnownFileType = sourcecode.swift; path = HikeView.swift; sourceTree = "<group>"; };
		8A1960E42954C50200C7DCCF /* WatchLandmarks.app */ = {isa = PBXFileReference; explicitFileType = wrapper.application; includeInIndex = 0; path = WatchLandmarks.app; sourceTree = BUILT_PRODUCTS_DIR; };
		8A1960E62954C50200C7DCCF /* WatchLandmarksApp.swift */ = {isa = PBXFileReference; lastKnownFileType = sourcecode.swift; path = WatchLandmarksApp.swift; sourceTree = "<group>"; };
		8A1960E82954C50200C7DCCF /* ContentView.swift */ = {isa = PBXFileReference; lastKnownFileType = sourcecode.swift; path = ContentView.swift; sourceTree = "<group>"; };
		8A1960EA2954C50300C7DCCF /* Assets.xcassets */ = {isa = PBXFileReference; lastKnownFileType = folder.assetcatalog; path = Assets.xcassets; sourceTree = "<group>"; };
		8A1960ED2954C50300C7DCCF /* Preview Assets.xcassets */ = {isa = PBXFileReference; lastKnownFileType = folder.assetcatalog; path = "Preview Assets.xcassets"; sourceTree = "<group>"; };
		8A1960F32954C50300C7DCCF /* WatchLandmarks Watch App.app */ = {isa = PBXFileReference; explicitFileType = wrapper.application; includeInIndex = 0; path = "WatchLandmarks Watch App.app"; sourceTree = BUILT_PRODUCTS_DIR; };
		8A1960FA2954C50300C7DCCF /* ContentView.swift */ = {isa = PBXFileReference; lastKnownFileType = sourcecode.swift; path = ContentView.swift; sourceTree = "<group>"; };
		8A1960FC2954C50400C7DCCF /* Assets.xcassets */ = {isa = PBXFileReference; lastKnownFileType = folder.assetcatalog; path = Assets.xcassets; sourceTree = "<group>"; };
		8A1960FF2954C50400C7DCCF /* Preview Assets.xcassets */ = {isa = PBXFileReference; lastKnownFileType = folder.assetcatalog; path = "Preview Assets.xcassets"; sourceTree = "<group>"; };
		8A1961142954D0FC00C7DCCF /* LandmarkDetail.swift */ = {isa = PBXFileReference; lastKnownFileType = sourcecode.swift; path = LandmarkDetail.swift; sourceTree = "<group>"; };
		8A1961162954D7B800C7DCCF /* NotificationView.swift */ = {isa = PBXFileReference; lastKnownFileType = sourcecode.swift; path = NotificationView.swift; sourceTree = "<group>"; };
		8A1961182954DA7800C7DCCF /* NotificationController.swift */ = {isa = PBXFileReference; lastKnownFileType = sourcecode.swift; path = NotificationController.swift; sourceTree = "<group>"; };
		8A19611A2954DFB400C7DCCF /* PushNotificationPayload.apns */ = {isa = PBXFileReference; lastKnownFileType = text; path = PushNotificationPayload.apns; sourceTree = "<group>"; };
		8A696BFE2912BAAA00C09A9E /* ProfileEditor.swift */ = {isa = PBXFileReference; lastKnownFileType = sourcecode.swift; path = ProfileEditor.swift; sourceTree = "<group>"; };
		8A696C012912C0AE00C09A9E /* PageViewController.swift */ = {isa = PBXFileReference; lastKnownFileType = sourcecode.swift; path = PageViewController.swift; sourceTree = "<group>"; };
		8A696C032912C2DB00C09A9E /* FeatureCard.swift */ = {isa = PBXFileReference; lastKnownFileType = sourcecode.swift; path = FeatureCard.swift; sourceTree = "<group>"; };
		8A696C052912C46900C09A9E /* PageView.swift */ = {isa = PBXFileReference; lastKnownFileType = sourcecode.swift; path = PageView.swift; sourceTree = "<group>"; };
		8A696C072912CA4400C09A9E /* PageControl.swift */ = {isa = PBXFileReference; lastKnownFileType = sourcecode.swift; path = PageControl.swift; sourceTree = "<group>"; };
		8AE54C7D291248D100D214F3 /* CategoryHome.swift */ = {isa = PBXFileReference; lastKnownFileType = sourcecode.swift; path = CategoryHome.swift; sourceTree = "<group>"; };
		8AE54C7F29124A0700D214F3 /* hikeData.json */ = {isa = PBXFileReference; fileEncoding = 4; lastKnownFileType = text.json; path = hikeData.json; sourceTree = "<group>"; };
		8AE54C8129124C5C00D214F3 /* CategoryRow.swift */ = {isa = PBXFileReference; lastKnownFileType = sourcecode.swift; path = CategoryRow.swift; sourceTree = "<group>"; };
		8AE54C8329124E7C00D214F3 /* CategoryItem.swift */ = {isa = PBXFileReference; lastKnownFileType = sourcecode.swift; path = CategoryItem.swift; sourceTree = "<group>"; };
		8AE54C852912B20100D214F3 /* Profile.swift */ = {isa = PBXFileReference; lastKnownFileType = sourcecode.swift; path = Profile.swift; sourceTree = "<group>"; };
		8AE54C872912B31500D214F3 /* ProfileHost.swift */ = {isa = PBXFileReference; lastKnownFileType = sourcecode.swift; path = ProfileHost.swift; sourceTree = "<group>"; };
		8AE54C892912B3AF00D214F3 /* ProfileSummary.swift */ = {isa = PBXFileReference; lastKnownFileType = sourcecode.swift; path = ProfileSummary.swift; sourceTree = "<group>"; };
		8AE54C8B2912B53800D214F3 /* HikeBadge.swift */ = {isa = PBXFileReference; lastKnownFileType = sourcecode.swift; path = HikeBadge.swift; sourceTree = "<group>"; };
/* End PBXFileReference section */

/* Begin PBXFrameworksBuildPhase section */
		8A08DF21290DAAB5004334D2 /* Frameworks */ = {
			isa = PBXFrameworksBuildPhase;
			buildActionMask = 2147483647;
			files = (
			);
			runOnlyForDeploymentPostprocessing = 0;
		};
		8A1960E12954C50200C7DCCF /* Frameworks */ = {
			isa = PBXFrameworksBuildPhase;
			buildActionMask = 2147483647;
			files = (
			);
			runOnlyForDeploymentPostprocessing = 0;
		};
		8A1960F02954C50300C7DCCF /* Frameworks */ = {
			isa = PBXFrameworksBuildPhase;
			buildActionMask = 2147483647;
			files = (
			);
			runOnlyForDeploymentPostprocessing = 0;
		};
/* End PBXFrameworksBuildPhase section */

/* Begin PBXGroup section */
		8A08DF1B290DAAB5004334D2 = {
			isa = PBXGroup;
			children = (
				8A08DF26290DAAB5004334D2 /* Landmarks_SwiftUI */,
				8A1960E52954C50200C7DCCF /* WatchLandmarks */,
				8A1960F72954C50300C7DCCF /* WatchLandmarks Watch App */,
				8A08DF25290DAAB5004334D2 /* Products */,
			);
			sourceTree = "<group>";
		};
		8A08DF25290DAAB5004334D2 /* Products */ = {
			isa = PBXGroup;
			children = (
				8A08DF24290DAAB5004334D2 /* Landmarks_SwiftUI.app */,
				8A1960E42954C50200C7DCCF /* WatchLandmarks.app */,
				8A1960F32954C50300C7DCCF /* WatchLandmarks Watch App.app */,
			);
			name = Products;
			sourceTree = "<group>";
		};
		8A08DF26290DAAB5004334D2 /* Landmarks_SwiftUI */ = {
			isa = PBXGroup;
			children = (
				8A08DF27290DAAB5004334D2 /* Landmarks_SwiftUIApp.swift */,
				8A08DF41290DC752004334D2 /* Resources */,
				8A08DF3F290DC6FD004334D2 /* Views */,
				8A08DF2B290DAAB6004334D2 /* Assets.xcassets */,
				8A08DF2D290DAAB6004334D2 /* Preview Content */,
				8A08DF40290DC72A004334D2 /* Model */,
			);
			path = Landmarks_SwiftUI;
			sourceTree = "<group>";
		};
		8A08DF2D290DAAB6004334D2 /* Preview Content */ = {
			isa = PBXGroup;
			children = (
				8A08DF2E290DAAB6004334D2 /* Preview Assets.xcassets */,
			);
			path = "Preview Content";
			sourceTree = "<group>";
		};
		8A08DF3F290DC6FD004334D2 /* Views */ = {
			isa = PBXGroup;
			children = (
				8A696C032912C2DB00C09A9E /* FeatureCard.swift */,
				8A696C002912C08E00C09A9E /* PageView */,
				8A696BFD2912B79900C09A9E /* Profile */,
				8A08DF29290DAAB5004334D2 /* ContentView.swift */,
				8A08DF8A290E1A3D004334D2 /* Hikes */,
				8A08DF7A290DEF0A004334D2 /* Helper */,
				8A08DF79290DEEFB004334D2 /* Landmarks */,
				8A08DF85290E169F004334D2 /* Badges */,
				8AE54C8D2912B74600D214F3 /* Category */,
			);
			path = Views;
			sourceTree = "<group>";
		};
		8A08DF40290DC72A004334D2 /* Model */ = {
			isa = PBXGroup;
			children = (
				8AE54C852912B20100D214F3 /* Profile.swift */,
				8A08DF3B290DBAE3004334D2 /* Landmark.swift */,
				8A08DF3D290DBD16004334D2 /* ModelData.swift */,
				8A08DF88290E182E004334D2 /* Hike.swift */,
			);
			path = Model;
			sourceTree = "<group>";
		};
		8A08DF41290DC752004334D2 /* Resources */ = {
			isa = PBXGroup;
			children = (
				8AE54C7F29124A0700D214F3 /* hikeData.json */,
				8A08DF71290DD767004334D2 /* landmarkData.json */,
			);
			path = Resources;
			sourceTree = "<group>";
		};
		8A08DF79290DEEFB004334D2 /* Landmarks */ = {
			isa = PBXGroup;
			children = (
				8A08DF42290DC8EF004334D2 /* LandmarkRow.swift */,
				8A08DF73290DD90A004334D2 /* LandmarkList.swift */,
				8A08DF7B290DF540004334D2 /* HexagonParameters.swift */,
				8A08DF75290DDEAD004334D2 /* LandmarkDetail.swift */,
			);
			path = Landmarks;
			sourceTree = "<group>";
		};
		8A08DF7A290DEF0A004334D2 /* Helper */ = {
			isa = PBXGroup;
			children = (
				8A08DF35290DB599004334D2 /* CircleImage.swift */,
				8A08DF77290DEE3F004334D2 /* FavoriteButton.swift */,
				8A08DF37290DB686004334D2 /* MapView.swift */,
			);
			path = Helper;
			sourceTree = "<group>";
		};
		8A08DF85290E169F004334D2 /* Badges */ = {
			isa = PBXGroup;
			children = (
				8A08DF7D290E0DF5004334D2 /* BadgeBackground.swift */,
				8A08DF7F290E1305004334D2 /* BadgeSymbol.swift */,
				8A08DF81290E13EE004334D2 /* RotatedBadgeSymbol.swift */,
				8A08DF83290E1520004334D2 /* Badge.swift */,
			);
			path = Badges;
			sourceTree = "<group>";
		};
		8A08DF8A290E1A3D004334D2 /* Hikes */ = {
			isa = PBXGroup;
			children = (
				8A08DF8B290E1A3D004334D2 /* GraphCapsule.swift */,
				8A08DF8C290E1A3D004334D2 /* HikeGraph.swift */,
				8A08DF8D290E1A3D004334D2 /* HikeDetail.swift */,
				8A08DF8E290E1A3D004334D2 /* HikeView.swift */,
				8AE54C8B2912B53800D214F3 /* HikeBadge.swift */,
			);
			path = Hikes;
			sourceTree = "<group>";
		};
		8A1960E52954C50200C7DCCF /* WatchLandmarks */ = {
			isa = PBXGroup;
			children = (
				8A1960E62954C50200C7DCCF /* WatchLandmarksApp.swift */,
				8A1960E82954C50200C7DCCF /* ContentView.swift */,
				8A1960EA2954C50300C7DCCF /* Assets.xcassets */,
				8A1960EC2954C50300C7DCCF /* Preview Content */,
			);
			path = WatchLandmarks;
			sourceTree = "<group>";
		};
		8A1960EC2954C50300C7DCCF /* Preview Content */ = {
			isa = PBXGroup;
			children = (
				8A1960ED2954C50300C7DCCF /* Preview Assets.xcassets */,
			);
			path = "Preview Content";
			sourceTree = "<group>";
		};
		8A1960F72954C50300C7DCCF /* WatchLandmarks Watch App */ = {
			isa = PBXGroup;
			children = (
				8A1960FA2954C50300C7DCCF /* ContentView.swift */,
				8A1960FC2954C50400C7DCCF /* Assets.xcassets */,
				8A1960FE2954C50400C7DCCF /* Preview Content */,
				8A1961142954D0FC00C7DCCF /* LandmarkDetail.swift */,
				8A1961162954D7B800C7DCCF /* NotificationView.swift */,
				8A1961182954DA7800C7DCCF /* NotificationController.swift */,
				8A19611A2954DFB400C7DCCF /* PushNotificationPayload.apns */,
			);
			path = "WatchLandmarks Watch App";
			sourceTree = "<group>";
		};
		8A1960FE2954C50400C7DCCF /* Preview Content */ = {
			isa = PBXGroup;
			children = (
				8A1960FF2954C50400C7DCCF /* Preview Assets.xcassets */,
			);
			path = "Preview Content";
			sourceTree = "<group>";
		};
		8A696BFD2912B79900C09A9E /* Profile */ = {
			isa = PBXGroup;
			children = (
				8AE54C872912B31500D214F3 /* ProfileHost.swift */,
				8AE54C892912B3AF00D214F3 /* ProfileSummary.swift */,
				8A696BFE2912BAAA00C09A9E /* ProfileEditor.swift */,
			);
			path = Profile;
			sourceTree = "<group>";
		};
		8A696C002912C08E00C09A9E /* PageView */ = {
			isa = PBXGroup;
			children = (
				8A696C012912C0AE00C09A9E /* PageViewController.swift */,
				8A696C052912C46900C09A9E /* PageView.swift */,
				8A696C072912CA4400C09A9E /* PageControl.swift */,
			);
			path = PageView;
			sourceTree = "<group>";
		};
		8AE54C8D2912B74600D214F3 /* Category */ = {
			isa = PBXGroup;
			children = (
				8AE54C7D291248D100D214F3 /* CategoryHome.swift */,
				8AE54C8329124E7C00D214F3 /* CategoryItem.swift */,
				8AE54C8129124C5C00D214F3 /* CategoryRow.swift */,
			);
			path = Category;
			sourceTree = "<group>";
		};
/* End PBXGroup section */

/* Begin PBXNativeTarget section */
		8A08DF23290DAAB5004334D2 /* Landmarks_SwiftUI */ = {
			isa = PBXNativeTarget;
			buildConfigurationList = 8A08DF32290DAAB6004334D2 /* Build configuration list for PBXNativeTarget "Landmarks_SwiftUI" */;
			buildPhases = (
				8A08DF20290DAAB5004334D2 /* Sources */,
				8A08DF21290DAAB5004334D2 /* Frameworks */,
				8A08DF22290DAAB5004334D2 /* Resources */,
			);
			buildRules = (
			);
			dependencies = (
			);
			name = Landmarks_SwiftUI;
			productName = Landmarks_SwiftUI;
			productReference = 8A08DF24290DAAB5004334D2 /* Landmarks_SwiftUI.app */;
			productType = "com.apple.product-type.application";
		};
		8A1960E32954C50200C7DCCF /* WatchLandmarks */ = {
			isa = PBXNativeTarget;
			buildConfigurationList = 8A1961072954C50400C7DCCF /* Build configuration list for PBXNativeTarget "WatchLandmarks" */;
			buildPhases = (
				8A1960E02954C50200C7DCCF /* Sources */,
				8A1960E12954C50200C7DCCF /* Frameworks */,
				8A1960E22954C50200C7DCCF /* Resources */,
				8A1961032954C50400C7DCCF /* Embed Watch Content */,
			);
			buildRules = (
			);
			dependencies = (
				8A1960F62954C50300C7DCCF /* PBXTargetDependency */,
			);
			name = WatchLandmarks;
			productName = WatchLandmarks;
			productReference = 8A1960E42954C50200C7DCCF /* WatchLandmarks.app */;
			productType = "com.apple.product-type.application";
		};
		8A1960F22954C50300C7DCCF /* WatchLandmarks Watch App */ = {
			isa = PBXNativeTarget;
			buildConfigurationList = 8A1961062954C50400C7DCCF /* Build configuration list for PBXNativeTarget "WatchLandmarks Watch App" */;
			buildPhases = (
				8A1960EF2954C50300C7DCCF /* Sources */,
				8A1960F02954C50300C7DCCF /* Frameworks */,
				8A1960F12954C50300C7DCCF /* Resources */,
			);
			buildRules = (
			);
			dependencies = (
			);
			name = "WatchLandmarks Watch App";
			productName = "WatchLandmarks Watch App";
			productReference = 8A1960F32954C50300C7DCCF /* WatchLandmarks Watch App.app */;
			productType = "com.apple.product-type.application";
		};
/* End PBXNativeTarget section */

/* Begin PBXProject section */
		8A08DF1C290DAAB5004334D2 /* Project object */ = {
			isa = PBXProject;
			attributes = {
				BuildIndependentTargetsInParallel = 1;
				LastSwiftUpdateCheck = 1420;
				LastUpgradeCheck = 1400;
				TargetAttributes = {
					8A08DF23290DAAB5004334D2 = {
						CreatedOnToolsVersion = 14.0.1;
					};
					8A1960E32954C50200C7DCCF = {
						CreatedOnToolsVersion = 14.2;
					};
					8A1960F22954C50300C7DCCF = {
						CreatedOnToolsVersion = 14.2;
					};
				};
			};
			buildConfigurationList = 8A08DF1F290DAAB5004334D2 /* Build configuration list for PBXProject "Landmarks_SwiftUI" */;
			compatibilityVersion = "Xcode 14.0";
			developmentRegion = en;
			hasScannedForEncodings = 0;
			knownRegions = (
				en,
				Base,
			);
			mainGroup = 8A08DF1B290DAAB5004334D2;
			productRefGroup = 8A08DF25290DAAB5004334D2 /* Products */;
			projectDirPath = "";
			projectRoot = "";
			targets = (
				8A08DF23290DAAB5004334D2 /* Landmarks_SwiftUI */,
				8A1960E32954C50200C7DCCF /* WatchLandmarks */,
				8A1960F22954C50300C7DCCF /* WatchLandmarks Watch App */,
			);
		};
/* End PBXProject section */

/* Begin PBXResourcesBuildPhase section */
		8A08DF22290DAAB5004334D2 /* Resources */ = {
			isa = PBXResourcesBuildPhase;
			buildActionMask = 2147483647;
			files = (
				8A08DF2F290DAAB6004334D2 /* Preview Assets.xcassets in Resources */,
				8A08DF2C290DAAB6004334D2 /* Assets.xcassets in Resources */,
				8A08DF72290DD767004334D2 /* landmarkData.json in Resources */,
				8AE54C8029124A0700D214F3 /* hikeData.json in Resources */,
			);
			runOnlyForDeploymentPostprocessing = 0;
		};
		8A1960E22954C50200C7DCCF /* Resources */ = {
			isa = PBXResourcesBuildPhase;
			buildActionMask = 2147483647;
			files = (
				8A1960EE2954C50300C7DCCF /* Preview Assets.xcassets in Resources */,
				8A1960EB2954C50300C7DCCF /* Assets.xcassets in Resources */,
			);
			runOnlyForDeploymentPostprocessing = 0;
		};
		8A1960F12954C50300C7DCCF /* Resources */ = {
			isa = PBXResourcesBuildPhase;
			buildActionMask = 2147483647;
			files = (
				8A19610C2954CB2B00C7DCCF /* hikeData.json in Resources */,
				8A1961002954C50400C7DCCF /* Preview Assets.xcassets in Resources */,
				8A1961082954CB2B00C7DCCF /* Assets.xcassets in Resources */,
				8A19610D2954CB2B00C7DCCF /* landmarkData.json in Resources */,
				8A1960FD2954C50400C7DCCF /* Assets.xcassets in Resources */,
				8A19611B2954DFB400C7DCCF /* PushNotificationPayload.apns in Resources */,
			);
			runOnlyForDeploymentPostprocessing = 0;
		};
/* End PBXResourcesBuildPhase section */

/* Begin PBXSourcesBuildPhase section */
		8A08DF20290DAAB5004334D2 /* Sources */ = {
			isa = PBXSourcesBuildPhase;
			buildActionMask = 2147483647;
			files = (
				8AE54C8229124C5C00D214F3 /* CategoryRow.swift in Sources */,
				8AE54C862912B20100D214F3 /* Profile.swift in Sources */,
				8A08DF2A290DAAB5004334D2 /* ContentView.swift in Sources */,
				8AE54C7E291248D100D214F3 /* CategoryHome.swift in Sources */,
				8A696C042912C2DB00C09A9E /* FeatureCard.swift in Sources */,
				8A08DF90290E1A3D004334D2 /* HikeGraph.swift in Sources */,
				8A08DF84290E1520004334D2 /* Badge.swift in Sources */,
				8A08DF38290DB686004334D2 /* MapView.swift in Sources */,
				8A08DF8F290E1A3D004334D2 /* GraphCapsule.swift in Sources */,
				8A08DF82290E13EE004334D2 /* RotatedBadgeSymbol.swift in Sources */,
				8A696C082912CA4400C09A9E /* PageControl.swift in Sources */,
				8A08DF7E290E0DF5004334D2 /* BadgeBackground.swift in Sources */,
				8AE54C8429124E7C00D214F3 /* CategoryItem.swift in Sources */,
				8A08DF91290E1A3D004334D2 /* HikeDetail.swift in Sources */,
				8AE54C8A2912B3AF00D214F3 /* ProfileSummary.swift in Sources */,
				8A08DF28290DAAB5004334D2 /* Landmarks_SwiftUIApp.swift in Sources */,
				8AE54C882912B31500D214F3 /* ProfileHost.swift in Sources */,
				8A08DF89290E182E004334D2 /* Hike.swift in Sources */,
				8A08DF78290DEE3F004334D2 /* FavoriteButton.swift in Sources */,
				8A696C062912C46900C09A9E /* PageView.swift in Sources */,
				8A08DF80290E1305004334D2 /* BadgeSymbol.swift in Sources */,
				8A696BFF2912BAAA00C09A9E /* ProfileEditor.swift in Sources */,
				8A08DF7C290DF540004334D2 /* HexagonParameters.swift in Sources */,
				8A08DF92290E1A3D004334D2 /* HikeView.swift in Sources */,
				8A08DF74290DD90A004334D2 /* LandmarkList.swift in Sources */,
				8A696C022912C0AE00C09A9E /* PageViewController.swift in Sources */,
				8A08DF76290DDEAD004334D2 /* LandmarkDetail.swift in Sources */,
				8AE54C8C2912B53800D214F3 /* HikeBadge.swift in Sources */,
				8A08DF36290DB599004334D2 /* CircleImage.swift in Sources */,
				8A08DF3C290DBAE3004334D2 /* Landmark.swift in Sources */,
				8A08DF43290DC8EF004334D2 /* LandmarkRow.swift in Sources */,
				8A08DF3E290DBD16004334D2 /* ModelData.swift in Sources */,
			);
			runOnlyForDeploymentPostprocessing = 0;
		};
		8A1960E02954C50200C7DCCF /* Sources */ = {
			isa = PBXSourcesBuildPhase;
			buildActionMask = 2147483647;
			files = (
				8A1960E92954C50200C7DCCF /* ContentView.swift in Sources */,
				8A1960E72954C50200C7DCCF /* WatchLandmarksApp.swift in Sources */,
			);
			runOnlyForDeploymentPostprocessing = 0;
		};
		8A1960EF2954C50300C7DCCF /* Sources */ = {
			isa = PBXSourcesBuildPhase;
			buildActionMask = 2147483647;
			files = (
				8A19610F2954CB2B00C7DCCF /* Hike.swift in Sources */,
				8A1960FB2954C50300C7DCCF /* ContentView.swift in Sources */,
				8A1961122954CB2B00C7DCCF /* ModelData.swift in Sources */,
				8A19610E2954CB2B00C7DCCF /* Profile.swift in Sources */,
				8A1961102954CB2B00C7DCCF /* LandmarkList.swift in Sources */,
				8A19610B2954CB2B00C7DCCF /* Landmarks_SwiftUIApp.swift in Sources */,
				8A1961092954CB2B00C7DCCF /* MapView.swift in Sources */,
				8A1961112954CB2B00C7DCCF /* LandmarkRow.swift in Sources */,
				8A19610A2954CB2B00C7DCCF /* Landmark.swift in Sources */,
				8A1961192954DA7800C7DCCF /* NotificationController.swift in Sources */,
				8A1961132954CB2B00C7DCCF /* CircleImage.swift in Sources */,
				8A1961152954D0FC00C7DCCF /* LandmarkDetail.swift in Sources */,
				8A1961172954D7B800C7DCCF /* NotificationView.swift in Sources */,
			);
			runOnlyForDeploymentPostprocessing = 0;
		};
/* End PBXSourcesBuildPhase section */

/* Begin PBXTargetDependency section */
		8A1960F62954C50300C7DCCF /* PBXTargetDependency */ = {
			isa = PBXTargetDependency;
			target = 8A1960F22954C50300C7DCCF /* WatchLandmarks Watch App */;
			targetProxy = 8A1960F52954C50300C7DCCF /* PBXContainerItemProxy */;
		};
/* End PBXTargetDependency section */

/* Begin XCBuildConfiguration section */
		8A08DF30290DAAB6004334D2 /* Debug */ = {
			isa = XCBuildConfiguration;
			buildSettings = {
				ALWAYS_SEARCH_USER_PATHS = NO;
				CLANG_ANALYZER_NONNULL = YES;
				CLANG_ANALYZER_NUMBER_OBJECT_CONVERSION = YES_AGGRESSIVE;
				CLANG_CXX_LANGUAGE_STANDARD = "gnu++20";
				CLANG_ENABLE_MODULES = YES;
				CLANG_ENABLE_OBJC_ARC = YES;
				CLANG_ENABLE_OBJC_WEAK = YES;
				CLANG_WARN_BLOCK_CAPTURE_AUTORELEASING = YES;
				CLANG_WARN_BOOL_CONVERSION = YES;
				CLANG_WARN_COMMA = YES;
				CLANG_WARN_CONSTANT_CONVERSION = YES;
				CLANG_WARN_DEPRECATED_OBJC_IMPLEMENTATIONS = YES;
				CLANG_WARN_DIRECT_OBJC_ISA_USAGE = YES_ERROR;
				CLANG_WARN_DOCUMENTATION_COMMENTS = YES;
				CLANG_WARN_EMPTY_BODY = YES;
				CLANG_WARN_ENUM_CONVERSION = YES;
				CLANG_WARN_INFINITE_RECURSION = YES;
				CLANG_WARN_INT_CONVERSION = YES;
				CLANG_WARN_NON_LITERAL_NULL_CONVERSION = YES;
				CLANG_WARN_OBJC_IMPLICIT_RETAIN_SELF = YES;
				CLANG_WARN_OBJC_LITERAL_CONVERSION = YES;
				CLANG_WARN_OBJC_ROOT_CLASS = YES_ERROR;
				CLANG_WARN_QUOTED_INCLUDE_IN_FRAMEWORK_HEADER = YES;
				CLANG_WARN_RANGE_LOOP_ANALYSIS = YES;
				CLANG_WARN_STRICT_PROTOTYPES = YES;
				CLANG_WARN_SUSPICIOUS_MOVE = YES;
				CLANG_WARN_UNGUARDED_AVAILABILITY = YES_AGGRESSIVE;
				CLANG_WARN_UNREACHABLE_CODE = YES;
				CLANG_WARN__DUPLICATE_METHOD_MATCH = YES;
				COPY_PHASE_STRIP = NO;
				DEBUG_INFORMATION_FORMAT = dwarf;
				ENABLE_STRICT_OBJC_MSGSEND = YES;
				ENABLE_TESTABILITY = YES;
				GCC_C_LANGUAGE_STANDARD = gnu11;
				GCC_DYNAMIC_NO_PIC = NO;
				GCC_NO_COMMON_BLOCKS = YES;
				GCC_OPTIMIZATION_LEVEL = 0;
				GCC_PREPROCESSOR_DEFINITIONS = (
					"DEBUG=1",
					"$(inherited)",
				);
				GCC_WARN_64_TO_32_BIT_CONVERSION = YES;
				GCC_WARN_ABOUT_RETURN_TYPE = YES_ERROR;
				GCC_WARN_UNDECLARED_SELECTOR = YES;
				GCC_WARN_UNINITIALIZED_AUTOS = YES_AGGRESSIVE;
				GCC_WARN_UNUSED_FUNCTION = YES;
				GCC_WARN_UNUSED_VARIABLE = YES;
				IPHONEOS_DEPLOYMENT_TARGET = 16.0;
				MTL_ENABLE_DEBUG_INFO = INCLUDE_SOURCE;
				MTL_FAST_MATH = YES;
				ONLY_ACTIVE_ARCH = YES;
				SDKROOT = iphoneos;
				SWIFT_ACTIVE_COMPILATION_CONDITIONS = DEBUG;
				SWIFT_OPTIMIZATION_LEVEL = "-Onone";
			};
			name = Debug;
		};
		8A08DF31290DAAB6004334D2 /* Release */ = {
			isa = XCBuildConfiguration;
			buildSettings = {
				ALWAYS_SEARCH_USER_PATHS = NO;
				CLANG_ANALYZER_NONNULL = YES;
				CLANG_ANALYZER_NUMBER_OBJECT_CONVERSION = YES_AGGRESSIVE;
				CLANG_CXX_LANGUAGE_STANDARD = "gnu++20";
				CLANG_ENABLE_MODULES = YES;
				CLANG_ENABLE_OBJC_ARC = YES;
				CLANG_ENABLE_OBJC_WEAK = YES;
				CLANG_WARN_BLOCK_CAPTURE_AUTORELEASING = YES;
				CLANG_WARN_BOOL_CONVERSION = YES;
				CLANG_WARN_COMMA = YES;
				CLANG_WARN_CONSTANT_CONVERSION = YES;
				CLANG_WARN_DEPRECATED_OBJC_IMPLEMENTATIONS = YES;
				CLANG_WARN_DIRECT_OBJC_ISA_USAGE = YES_ERROR;
				CLANG_WARN_DOCUMENTATION_COMMENTS = YES;
				CLANG_WARN_EMPTY_BODY = YES;
				CLANG_WARN_ENUM_CONVERSION = YES;
				CLANG_WARN_INFINITE_RECURSION = YES;
				CLANG_WARN_INT_CONVERSION = YES;
				CLANG_WARN_NON_LITERAL_NULL_CONVERSION = YES;
				CLANG_WARN_OBJC_IMPLICIT_RETAIN_SELF = YES;
				CLANG_WARN_OBJC_LITERAL_CONVERSION = YES;
				CLANG_WARN_OBJC_ROOT_CLASS = YES_ERROR;
				CLANG_WARN_QUOTED_INCLUDE_IN_FRAMEWORK_HEADER = YES;
				CLANG_WARN_RANGE_LOOP_ANALYSIS = YES;
				CLANG_WARN_STRICT_PROTOTYPES = YES;
				CLANG_WARN_SUSPICIOUS_MOVE = YES;
				CLANG_WARN_UNGUARDED_AVAILABILITY = YES_AGGRESSIVE;
				CLANG_WARN_UNREACHABLE_CODE = YES;
				CLANG_WARN__DUPLICATE_METHOD_MATCH = YES;
				COPY_PHASE_STRIP = NO;
				DEBUG_INFORMATION_FORMAT = "dwarf-with-dsym";
				ENABLE_NS_ASSERTIONS = NO;
				ENABLE_STRICT_OBJC_MSGSEND = YES;
				GCC_C_LANGUAGE_STANDARD = gnu11;
				GCC_NO_COMMON_BLOCKS = YES;
				GCC_WARN_64_TO_32_BIT_CONVERSION = YES;
				GCC_WARN_ABOUT_RETURN_TYPE = YES_ERROR;
				GCC_WARN_UNDECLARED_SELECTOR = YES;
				GCC_WARN_UNINITIALIZED_AUTOS = YES_AGGRESSIVE;
				GCC_WARN_UNUSED_FUNCTION = YES;
				GCC_WARN_UNUSED_VARIABLE = YES;
				IPHONEOS_DEPLOYMENT_TARGET = 16.0;
				MTL_ENABLE_DEBUG_INFO = NO;
				MTL_FAST_MATH = YES;
				SDKROOT = iphoneos;
				SWIFT_COMPILATION_MODE = wholemodule;
				SWIFT_OPTIMIZATION_LEVEL = "-O";
				VALIDATE_PRODUCT = YES;
			};
			name = Release;
		};
		8A08DF33290DAAB6004334D2 /* Debug */ = {
			isa = XCBuildConfiguration;
			buildSettings = {
				ASSETCATALOG_COMPILER_APPICON_NAME = AppIcon;
				ASSETCATALOG_COMPILER_GLOBAL_ACCENT_COLOR_NAME = AccentColor;
				CODE_SIGN_STYLE = Automatic;
				CURRENT_PROJECT_VERSION = 1;
				DEVELOPMENT_ASSET_PATHS = "\"Landmarks_SwiftUI/Preview Content\"";
				DEVELOPMENT_TEAM = 29F3BXTKGD;
				ENABLE_PREVIEWS = YES;
				GENERATE_INFOPLIST_FILE = YES;
				INFOPLIST_KEY_UIApplicationSceneManifest_Generation = YES;
				INFOPLIST_KEY_UIApplicationSupportsIndirectInputEvents = YES;
				INFOPLIST_KEY_UILaunchScreen_Generation = YES;
				INFOPLIST_KEY_UISupportedInterfaceOrientations_iPad = "UIInterfaceOrientationPortrait UIInterfaceOrientationPortraitUpsideDown UIInterfaceOrientationLandscapeLeft UIInterfaceOrientationLandscapeRight";
				INFOPLIST_KEY_UISupportedInterfaceOrientations_iPhone = "UIInterfaceOrientationPortrait UIInterfaceOrientationLandscapeLeft UIInterfaceOrientationLandscapeRight";
				LD_RUNPATH_SEARCH_PATHS = (
					"$(inherited)",
					"@executable_path/Frameworks",
				);
				MARKETING_VERSION = 1.0;
				PRODUCT_BUNDLE_IDENTIFIER = "zakk23v.Landmarks-SwiftUI";
				PRODUCT_NAME = "$(TARGET_NAME)";
				SWIFT_EMIT_LOC_STRINGS = YES;
				SWIFT_VERSION = 5.0;
				TARGETED_DEVICE_FAMILY = "1,2";
			};
			name = Debug;
		};
		8A08DF34290DAAB6004334D2 /* Release */ = {
			isa = XCBuildConfiguration;
			buildSettings = {
				ASSETCATALOG_COMPILER_APPICON_NAME = AppIcon;
				ASSETCATALOG_COMPILER_GLOBAL_ACCENT_COLOR_NAME = AccentColor;
				CODE_SIGN_STYLE = Automatic;
				CURRENT_PROJECT_VERSION = 1;
				DEVELOPMENT_ASSET_PATHS = "\"Landmarks_SwiftUI/Preview Content\"";
				DEVELOPMENT_TEAM = 29F3BXTKGD;
				ENABLE_PREVIEWS = YES;
				GENERATE_INFOPLIST_FILE = YES;
				INFOPLIST_KEY_UIApplicationSceneManifest_Generation = YES;
				INFOPLIST_KEY_UIApplicationSupportsIndirectInputEvents = YES;
				INFOPLIST_KEY_UILaunchScreen_Generation = YES;
				INFOPLIST_KEY_UISupportedInterfaceOrientations_iPad = "UIInterfaceOrientationPortrait UIInterfaceOrientationPortraitUpsideDown UIInterfaceOrientationLandscapeLeft UIInterfaceOrientationLandscapeRight";
				INFOPLIST_KEY_UISupportedInterfaceOrientations_iPhone = "UIInterfaceOrientationPortrait UIInterfaceOrientationLandscapeLeft UIInterfaceOrientationLandscapeRight";
				LD_RUNPATH_SEARCH_PATHS = (
					"$(inherited)",
					"@executable_path/Frameworks",
				);
				MARKETING_VERSION = 1.0;
				PRODUCT_BUNDLE_IDENTIFIER = "zakk23v.Landmarks-SwiftUI";
				PRODUCT_NAME = "$(TARGET_NAME)";
				SWIFT_EMIT_LOC_STRINGS = YES;
				SWIFT_VERSION = 5.0;
				TARGETED_DEVICE_FAMILY = "1,2";
			};
			name = Release;
		};
		8A1961012954C50400C7DCCF /* Debug */ = {
			isa = XCBuildConfiguration;
			buildSettings = {
				ALWAYS_EMBED_SWIFT_STANDARD_LIBRARIES = YES;
				ASSETCATALOG_COMPILER_APPICON_NAME = AppIcon;
				ASSETCATALOG_COMPILER_GLOBAL_ACCENT_COLOR_NAME = AccentColor;
				CODE_SIGN_STYLE = Automatic;
				CURRENT_PROJECT_VERSION = 1;
				DEVELOPMENT_ASSET_PATHS = "\"WatchLandmarks/Preview Content\"";
				DEVELOPMENT_TEAM = 29F3BXTKGD;
				ENABLE_PREVIEWS = YES;
				GENERATE_INFOPLIST_FILE = YES;
				INFOPLIST_KEY_CFBundleDisplayName = WatchLandmarks;
				INFOPLIST_KEY_UIApplicationSceneManifest_Generation = YES;
				INFOPLIST_KEY_UIApplicationSupportsIndirectInputEvents = YES;
				INFOPLIST_KEY_UILaunchScreen_Generation = YES;
				INFOPLIST_KEY_UISupportedInterfaceOrientations_iPad = "UIInterfaceOrientationPortrait UIInterfaceOrientationPortraitUpsideDown UIInterfaceOrientationLandscapeLeft UIInterfaceOrientationLandscapeRight";
				INFOPLIST_KEY_UISupportedInterfaceOrientations_iPhone = "UIInterfaceOrientationPortrait UIInterfaceOrientationLandscapeLeft UIInterfaceOrientationLandscapeRight";
				IPHONEOS_DEPLOYMENT_TARGET = 16.2;
				LD_RUNPATH_SEARCH_PATHS = (
					"$(inherited)",
					"@executable_path/Frameworks",
				);
				MARKETING_VERSION = 1.0;
				PRODUCT_BUNDLE_IDENTIFIER = zakk23v.WatchLandmarks;
				PRODUCT_NAME = "$(TARGET_NAME)";
				SWIFT_EMIT_LOC_STRINGS = YES;
				SWIFT_VERSION = 5.0;
				TARGETED_DEVICE_FAMILY = "1,2";
			};
			name = Debug;
		};
		8A1961022954C50400C7DCCF /* Release */ = {
			isa = XCBuildConfiguration;
			buildSettings = {
				ALWAYS_EMBED_SWIFT_STANDARD_LIBRARIES = YES;
				ASSETCATALOG_COMPILER_APPICON_NAME = AppIcon;
				ASSETCATALOG_COMPILER_GLOBAL_ACCENT_COLOR_NAME = AccentColor;
				CODE_SIGN_STYLE = Automatic;
				CURRENT_PROJECT_VERSION = 1;
				DEVELOPMENT_ASSET_PATHS = "\"WatchLandmarks/Preview Content\"";
				DEVELOPMENT_TEAM = 29F3BXTKGD;
				ENABLE_PREVIEWS = YES;
				GENERATE_INFOPLIST_FILE = YES;
				INFOPLIST_KEY_CFBundleDisplayName = WatchLandmarks;
				INFOPLIST_KEY_UIApplicationSceneManifest_Generation = YES;
				INFOPLIST_KEY_UIApplicationSupportsIndirectInputEvents = YES;
				INFOPLIST_KEY_UILaunchScreen_Generation = YES;
				INFOPLIST_KEY_UISupportedInterfaceOrientations_iPad = "UIInterfaceOrientationPortrait UIInterfaceOrientationPortraitUpsideDown UIInterfaceOrientationLandscapeLeft UIInterfaceOrientationLandscapeRight";
				INFOPLIST_KEY_UISupportedInterfaceOrientations_iPhone = "UIInterfaceOrientationPortrait UIInterfaceOrientationLandscapeLeft UIInterfaceOrientationLandscapeRight";
				IPHONEOS_DEPLOYMENT_TARGET = 16.2;
				LD_RUNPATH_SEARCH_PATHS = (
					"$(inherited)",
					"@executable_path/Frameworks",
				);
				MARKETING_VERSION = 1.0;
				PRODUCT_BUNDLE_IDENTIFIER = zakk23v.WatchLandmarks;
				PRODUCT_NAME = "$(TARGET_NAME)";
				SWIFT_EMIT_LOC_STRINGS = YES;
				SWIFT_VERSION = 5.0;
				TARGETED_DEVICE_FAMILY = "1,2";
			};
			name = Release;
		};
		8A1961042954C50400C7DCCF /* Debug */ = {
			isa = XCBuildConfiguration;
			buildSettings = {
				ASSETCATALOG_COMPILER_APPICON_NAME = AppIcon;
				ASSETCATALOG_COMPILER_GLOBAL_ACCENT_COLOR_NAME = AccentColor;
				CODE_SIGN_STYLE = Automatic;
				CURRENT_PROJECT_VERSION = 1;
				DEVELOPMENT_ASSET_PATHS = "\"WatchLandmarks Watch App/Preview Content\"";
				DEVELOPMENT_TEAM = 29F3BXTKGD;
				ENABLE_PREVIEWS = YES;
				GENERATE_INFOPLIST_FILE = YES;
				INFOPLIST_KEY_CFBundleDisplayName = WatchLandmarks;
				INFOPLIST_KEY_UISupportedInterfaceOrientations = "UIInterfaceOrientationPortrait UIInterfaceOrientationPortraitUpsideDown";
				INFOPLIST_KEY_WKCompanionAppBundleIdentifier = zakk23v.WatchLandmarks;
				INFOPLIST_KEY_WKRunsIndependentlyOfCompanionApp = YES;
				LD_RUNPATH_SEARCH_PATHS = (
					"$(inherited)",
					"@executable_path/Frameworks",
				);
				MARKETING_VERSION = 1.0;
				PRODUCT_BUNDLE_IDENTIFIER = zakk23v.WatchLandmarks.watchkitapp;
				PRODUCT_NAME = "$(TARGET_NAME)";
				SDKROOT = watchos;
				SKIP_INSTALL = YES;
				SWIFT_EMIT_LOC_STRINGS = YES;
				SWIFT_VERSION = 5.0;
				TARGETED_DEVICE_FAMILY = 4;
				WATCHOS_DEPLOYMENT_TARGET = 9.1;
			};
			name = Debug;
		};
		8A1961052954C50400C7DCCF /* Release */ = {
			isa = XCBuildConfiguration;
			buildSettings = {
				ASSETCATALOG_COMPILER_APPICON_NAME = AppIcon;
				ASSETCATALOG_COMPILER_GLOBAL_ACCENT_COLOR_NAME = AccentColor;
				CODE_SIGN_STYLE = Automatic;
				CURRENT_PROJECT_VERSION = 1;
				DEVELOPMENT_ASSET_PATHS = "\"WatchLandmarks Watch App/Preview Content\"";
				DEVELOPMENT_TEAM = 29F3BXTKGD;
				ENABLE_PREVIEWS = YES;
				GENERATE_INFOPLIST_FILE = YES;
				INFOPLIST_KEY_CFBundleDisplayName = WatchLandmarks;
				INFOPLIST_KEY_UISupportedInterfaceOrientations = "UIInterfaceOrientationPortrait UIInterfaceOrientationPortraitUpsideDown";
				INFOPLIST_KEY_WKCompanionAppBundleIdentifier = zakk23v.WatchLandmarks;
				INFOPLIST_KEY_WKRunsIndependentlyOfCompanionApp = YES;
				LD_RUNPATH_SEARCH_PATHS = (
					"$(inherited)",
					"@executable_path/Frameworks",
				);
				MARKETING_VERSION = 1.0;
				PRODUCT_BUNDLE_IDENTIFIER = zakk23v.WatchLandmarks.watchkitapp;
				PRODUCT_NAME = "$(TARGET_NAME)";
				SDKROOT = watchos;
				SKIP_INSTALL = YES;
				SWIFT_EMIT_LOC_STRINGS = YES;
				SWIFT_VERSION = 5.0;
				TARGETED_DEVICE_FAMILY = 4;
				WATCHOS_DEPLOYMENT_TARGET = 9.1;
			};
			name = Release;
		};
/* End XCBuildConfiguration section */

/* Begin XCConfigurationList section */
		8A08DF1F290DAAB5004334D2 /* Build configuration list for PBXProject "Landmarks_SwiftUI" */ = {
			isa = XCConfigurationList;
			buildConfigurations = (
				8A08DF30290DAAB6004334D2 /* Debug */,
				8A08DF31290DAAB6004334D2 /* Release */,
			);
			defaultConfigurationIsVisible = 0;
			defaultConfigurationName = Release;
		};
		8A08DF32290DAAB6004334D2 /* Build configuration list for PBXNativeTarget "Landmarks_SwiftUI" */ = {
			isa = XCConfigurationList;
			buildConfigurations = (
				8A08DF33290DAAB6004334D2 /* Debug */,
				8A08DF34290DAAB6004334D2 /* Release */,
			);
			defaultConfigurationIsVisible = 0;
			defaultConfigurationName = Release;
		};
		8A1961062954C50400C7DCCF /* Build configuration list for PBXNativeTarget "WatchLandmarks Watch App" */ = {
			isa = XCConfigurationList;
			buildConfigurations = (
				8A1961042954C50400C7DCCF /* Debug */,
				8A1961052954C50400C7DCCF /* Release */,
			);
			defaultConfigurationIsVisible = 0;
			defaultConfigurationName = Release;
		};
		8A1961072954C50400C7DCCF /* Build configuration list for PBXNativeTarget "WatchLandmarks" */ = {
			isa = XCConfigurationList;
			buildConfigurations = (
				8A1961012954C50400C7DCCF /* Debug */,
				8A1961022954C50400C7DCCF /* Release */,
			);
			defaultConfigurationIsVisible = 0;
			defaultConfigurationName = Release;
		};
/* End XCConfigurationList section */
	};
	rootObject = 8A08DF1C290DAAB5004334D2 /* Project object */;
}
